
Microsoft Visual Studio Solution File, Format Version 12.00
# Visual Studio Version 16
VisualStudioVersion = 16.0.30907.101
MinimumVisualStudioVersion = 10.0.40219.1
Project("{FAE04EC0-301F-11D3-BF4B-00C04F79EFBC}") = "Entities", "Entities\Entities.csproj", "{7AE516C2-D30E-4984-9906-51EE02A3628D}"
EndProject
Project("{FAE04EC0-301F-11D3-BF4B-00C04F79EFBC}") = "DataAccess", "DataAccess\DataAccess.csproj", "{FA47375A-3A13-49F5-B7C5-22FDA9665186}"
EndProject
Project("{FAE04EC0-301F-11D3-BF4B-00C04F79EFBC}") = "Business", "Business\Business.csproj", "{BBDCEE07-34FB-4BB9-B4A8-81FC02C56203}"
EndProject
Project("{FAE04EC0-301F-11D3-BF4B-00C04F79EFBC}") = "ConsoleUI", "ConsoleUI\ConsoleUI.csproj", "{DB57A6AD-1EF4-4EE8-8EE6-E8A37160961D}"
EndProject
Global
	GlobalSection(SolutionConfigurationPlatforms) = preSolution
		Debug|Any CPU = Debug|Any CPU
		Release|Any CPU = Release|Any CPU
	EndGlobalSection
	GlobalSection(ProjectConfigurationPlatforms) = postSolution
		{7AE516C2-D30E-4984-9906-51EE02A3628D}.Debug|Any CPU.ActiveCfg = Debug|Any CPU
		{7AE516C2-D30E-4984-9906-51EE02A3628D}.Debug|Any CPU.Build.0 = Debug|Any CPU
		{7AE516C2-D30E-4984-9906-51EE02A3628D}.Release|Any CPU.ActiveCfg = Release|Any CPU
		{7AE516C2-D30E-4984-9906-51EE02A3628D}.Release|Any CPU.Build.0 = Release|Any CPU
		{FA47375A-3A13-49F5-B7C5-22FDA9665186}.Debug|Any CPU.ActiveCfg = Debug|Any CPU
		{FA47375A-3A13-49F5-B7C5-22FDA9665186}.Debug|Any CPU.Build.0 = Debug|Any CPU
		{FA47375A-3A13-49F5-B7C5-22FDA9665186}.Release|Any CPU.ActiveCfg = Release|Any CPU
		{FA47375A-3A13-49F5-B7C5-22FDA9665186}.Release|Any CPU.Build.0 = Release|Any CPU
		{BBDCEE07-34FB-4BB9-B4A8-81FC02C56203}.Debug|Any CPU.ActiveCfg = Debug|Any CPU
		{BBDCEE07-34FB-4BB9-B4A8-81FC02C56203}.Debug|Any CPU.Build.0 = Debug|Any CPU
		{BBDCEE07-34FB-4BB9-B4A8-81FC02C56203}.Release|Any CPU.ActiveCfg = Release|Any CPU
		{BBDCEE07-34FB-4BB9-B4A8-81FC02C56203}.Release|Any CPU.Build.0 = Release|Any CPU
		{DB57A6AD-1EF4-4EE8-8EE6-E8A37160961D}.Debug|Any CPU.ActiveCfg = Debug|Any CPU
		{DB57A6AD-1EF4-4EE8-8EE6-E8A37160961D}.Debug|Any CPU.Build.0 = Debug|Any CPU
		{DB57A6AD-1EF4-4EE8-8EE6-E8A37160961D}.Release|Any CPU.ActiveCfg = Release|Any CPU
		{DB57A6AD-1EF4-4EE8-8EE6-E8A37160961D}.Release|Any CPU.Build.0 = Release|Any CPU
	EndGlobalSection
	GlobalSection(SolutionProperties) = preSolution
		HideSolutionNode = FALSE
	EndGlobalSection
	GlobalSection(ExtensibilityGlobals) = postSolution
		SolutionGuid = {F82D788F-5AD1-4BA6-BDF5-BACD9353B6EC}
	EndGlobalSection
EndGlobal
